
Microsoft Visual Studio Solution File, Format Version 12.00
# Visual Studio Version 17
VisualStudioVersion = 17.8.34511.84
MinimumVisualStudioVersion = 10.0.40219.1
Project("{FAE04EC0-301F-11D3-BF4B-00C04F79EFBC}") = "ProductManager", "ProductManager\ProductManager.csproj", "{484E221C-C7AA-4AF3-8EE4-311AB60A9A3F}"
EndProject
Global
	GlobalSection(SolutionConfigurationPlatforms) = preSolution
		Debug|Any CPU = Debug|Any CPU
		Release|Any CPU = Release|Any CPU
	EndGlobalSection
	GlobalSection(ProjectConfigurationPlatforms) = postSolution
		{484E221C-C7AA-4AF3-8EE4-311AB60A9A3F}.Debug|Any CPU.ActiveCfg = Debug|Any CPU
		{484E221C-C7AA-4AF3-8EE4-311AB60A9A3F}.Debug|Any CPU.Build.0 = Debug|Any CPU
		{484E221C-C7AA-4AF3-8EE4-311AB60A9A3F}.Release|Any CPU.ActiveCfg = Release|Any CPU
		{484E221C-C7AA-4AF3-8EE4-311AB60A9A3F}.Release|Any CPU.Build.0 = Release|Any CPU
	EndGlobalSection
	GlobalSection(SolutionProperties) = preSolution
		HideSolutionNode = FALSE
	EndGlobalSection
	GlobalSection(ExtensibilityGlobals) = postSolution
		SolutionGuid = {85E1914D-CC59-4DA8-B60B-F58975E6D036}
	EndGlobalSection
EndGlobal
